# THIS IS AN AUTOGENERATED FILE. DO NOT EDIT THIS FILE DIRECTLY.
# yarn lockfile v1


brototype@^0.0.6:
  version "0.0.6"
  resolved "https://registry.yarnpkg.com/brototype/-/brototype-0.0.6.tgz#9b3f07364783397b8f1c4bee7a141993566e4b44"

file-url@^2.0.2:
  version "2.0.2"
  resolved "https://registry.yarnpkg.com/file-url/-/file-url-2.0.2.tgz#e951784d79095127d3713029ab063f40818ca2ae"
